schema: '2.0'
stages:
  load_data:
    cmd: python src/load_data.py
    deps:
    - path: data_given/winequality.csv
      hash: md5
      md5: d1088fe0cd8f22710ec202dcf4d9ba97
      size: 390376
    - path: src/get_data.py
      hash: md5
      md5: 0d7abd0231520b8c460f7664d72ef213
      size: 833
    - path: src/load_data.py
      hash: md5
      md5: 33f874cfcb76850d019dd4ca9378f0dd
      size: 669
    outs:
    - path: data/raw/winequality.csv
      hash: md5
      md5: 8eef3867838842818b8d2802f88d5275
      size: 421188
  split_data:
    cmd: python src/split_data.py
    deps:
    - path: data/raw/winequality.csv
      hash: md5
      md5: 8eef3867838842818b8d2802f88d5275
      size: 421188
    - path: src/split_data.py
      hash: md5
      md5: a5ac8d76962d0ed8472c1985a6d5ad54
      size: 796
    outs:
    - path: data/processed/test_winequality.csv
      hash: md5
      md5: 629bf533870d4ef847a9bd2db0a93424
      size: 83933
    - path: data/processed/train_winequality.csv
      hash: md5
      md5: d1bb5a963f4b26eb8b5bf1ea79b81597
      size: 335342
  train_data:
    cmd: python src/train.py
    deps:
    - path: data/processed/test_winequality.csv
      hash: md5
      md5: 629bf533870d4ef847a9bd2db0a93424
      size: 83933
    - path: data/processed/train_winequality.csv
      hash: md5
      md5: d1bb5a963f4b26eb8b5bf1ea79b81597
      size: 335342
    - path: src/train.py
      hash: md5
      md5: 7baf960a17bb66960dd7d7d09c8c2ba8
      size: 1718
    outs:
    - path: reports/params.json
      hash: md5
      md5: 4ea122663a25b963d4fab2d609bce9bc
      size: 31
    - path: reports/score.json
      hash: md5
      md5: 6c3df2c342acbb8a12c18fb59e2d800f
      size: 81
